
Microsoft Visual Studio Solution File, Format Version 12.00
# Visual Studio Version 16
VisualStudioVersion = 16.0.29318.209
MinimumVisualStudioVersion = 10.0.40219.1
Project("{FAE04EC0-301F-11D3-BF4B-00C04F79EFBC}") = "Mediation", "Mediation\Mediation.csproj", "{9E6BC347-7C9B-420E-B4D2-710D6658E7CC}"
EndProject
Project("{FAE04EC0-301F-11D3-BF4B-00C04F79EFBC}") = "Mediation.Tests", "Mediation.Tests\Mediation.Tests.csproj", "{152328B3-E0FD-4540-9CF6-FFC8E78A28EB}"
EndProject
Project("{FAE04EC0-301F-11D3-BF4B-00C04F79EFBC}") = "Mediation.Defaults", "Mediation.Defaults\Mediation.Defaults.csproj", "{19E8F8AD-54EB-4623-B0E6-8DF12A85EBD0}"
EndProject
Global
	GlobalSection(SolutionConfigurationPlatforms) = preSolution
		Debug|Any CPU = Debug|Any CPU
		Release|Any CPU = Release|Any CPU
	EndGlobalSection
	GlobalSection(ProjectConfigurationPlatforms) = postSolution
		{9E6BC347-7C9B-420E-B4D2-710D6658E7CC}.Debug|Any CPU.ActiveCfg = Debug|Any CPU
		{9E6BC347-7C9B-420E-B4D2-710D6658E7CC}.Debug|Any CPU.Build.0 = Debug|Any CPU
		{9E6BC347-7C9B-420E-B4D2-710D6658E7CC}.Release|Any CPU.ActiveCfg = Release|Any CPU
		{9E6BC347-7C9B-420E-B4D2-710D6658E7CC}.Release|Any CPU.Build.0 = Release|Any CPU
		{152328B3-E0FD-4540-9CF6-FFC8E78A28EB}.Debug|Any CPU.ActiveCfg = Debug|Any CPU
		{152328B3-E0FD-4540-9CF6-FFC8E78A28EB}.Debug|Any CPU.Build.0 = Debug|Any CPU
		{152328B3-E0FD-4540-9CF6-FFC8E78A28EB}.Release|Any CPU.ActiveCfg = Release|Any CPU
		{152328B3-E0FD-4540-9CF6-FFC8E78A28EB}.Release|Any CPU.Build.0 = Release|Any CPU
		{19E8F8AD-54EB-4623-B0E6-8DF12A85EBD0}.Debug|Any CPU.ActiveCfg = Debug|Any CPU
		{19E8F8AD-54EB-4623-B0E6-8DF12A85EBD0}.Debug|Any CPU.Build.0 = Debug|Any CPU
		{19E8F8AD-54EB-4623-B0E6-8DF12A85EBD0}.Release|Any CPU.ActiveCfg = Release|Any CPU
		{19E8F8AD-54EB-4623-B0E6-8DF12A85EBD0}.Release|Any CPU.Build.0 = Release|Any CPU
	EndGlobalSection
	GlobalSection(SolutionProperties) = preSolution
		HideSolutionNode = FALSE
	EndGlobalSection
	GlobalSection(ExtensibilityGlobals) = postSolution
		SolutionGuid = {E9FBD927-9A11-4FA1-86B9-B9A40A41EDA5}
	EndGlobalSection
EndGlobal
